<?xml version="1.0" encoding="utf-8"?>
<Project ToolsVersion="4.0" xmlns="http://schemas.microsoft.com/developer/msbuild/2003">
  <ItemGroup>
    <Filter Include="Archivos de origen">
      <UniqueIdentifier>{4FC737F1-C7A5-4376-A066-2A32D752A2FF}</UniqueIdentifier>
      <Extensions>cpp;c;cc;cxx;c++;cppm;ixx;def;odl;idl;hpj;bat;asm;asmx</Extensions>
    </Filter>
    <Filter Include="Archivos de encabezado">
      <UniqueIdentifier>{93995380-89BD-4b04-88EB-625FBE52EBFB}</UniqueIdentifier>
      <Extensions>h;hh;hpp;hxx;h++;hm;inl;inc;ipp;xsd</Extensions>
    </Filter>
    <Filter Include="Archivos de recursos">
      <UniqueIdentifier>{67DA6AB6-F800-4c08-8B7A-83BB121AAD01}</UniqueIdentifier>
      <Extensions>rc;ico;cur;bmp;dlg;rc2;rct;bin;rgs;gif;jpg;jpeg;jpe;resx;tiff;tif;png;wav;mfcribbon-ms</Extensions>
    </Filter>
    <Filter Include="Archivos de origen\ImGui">
      <UniqueIdentifier>{582d424e-adc0-4f84-ad2c-470aa2ff9ddc}</UniqueIdentifier>
    </Filter>
    <Filter Include="Archivos de encabezado\ImGui">
      <UniqueIdentifier>{a9490d48-b4a6-4f17-bef5-d987c19e22c1}</UniqueIdentifier>
    </Filter>
    <Filter Include="Archivos de origen\UI">
      <UniqueIdentifier>{ab0a0d3b-135a-411b-9d8c-6cbac52a1e08}</UniqueIdentifier>
    </Filter>
    <Filter Include="Archivos de origen\UI\Widgets">
      <UniqueIdentifier>{71265793-01c0-41c3-8581-d553b406d55c}</UniqueIdentifier>
    </Filter>
    <Filter Include="Archivos de encabezado\UI">
      <UniqueIdentifier>{2a414886-ba7f-469e-962f-1f9ea684493d}</UniqueIdentifier>
    </Filter>
    <Filter Include="Archivos de encabezado\UI\Widgets">
      <UniqueIdentifier>{05426d0f-db39-498c-819e-5b97f69d66a8}</UniqueIdentifier>
    </Filter>
  </ItemGroup>
  <ItemGroup>
    <ClCompile Include="main.cpp">
      <Filter>Archivos de origen</Filter>
    </ClCompile>
    <ClCompile Include="..\ImGui\imgui.cpp">
      <Filter>Archivos de origen\ImGui</Filter>
    </ClCompile>
    <ClCompile Include="..\ImGui\imgui_demo.cpp">
      <Filter>Archivos de origen\ImGui</Filter>
    </ClCompile>
    <ClCompile Include="..\ImGui\imgui_draw.cpp">
      <Filter>Archivos de origen\ImGui</Filter>
    </ClCompile>
    <ClCompile Include="..\ImGui\imgui_impl_dx9.cpp">
      <Filter>Archivos de origen\ImGui</Filter>
    </ClCompile>
    <ClCompile Include="..\ImGui\imgui_impl_win32.cpp">
      <Filter>Archivos de origen\ImGui</Filter>
    </ClCompile>
    <ClCompile Include="..\ImGui\imgui_tables.cpp">
      <Filter>Archivos de origen\ImGui</Filter>
    </ClCompile>
    <ClCompile Include="..\ImGui\imgui_widgets.cpp">
      <Filter>Archivos de origen\ImGui</Filter>
    </ClCompile>
    <ClCompile Include="imgui-substance-interface.cpp">
      <Filter>Archivos de origen</Filter>
    </ClCompile>
    <ClCompile Include="pch.cpp">
      <Filter>Archivos de origen</Filter>
    </ClCompile>
    <ClCompile Include="imgui-substance-views.cpp">
      <Filter>Archivos de origen</Filter>
    </ClCompile>
    <ClCompile Include="imgui-substance-aimbot-view.cpp">
      <Filter>Archivos de origen</Filter>
    </ClCompile>
    <ClCompile Include="HeaderBar.cpp">
      <Filter>Archivos de origen\UI\Widgets</Filter>
    </ClCompile>
    <ClCompile Include="FunctionWidget.cpp">
      <Filter>Archivos de origen\UI\Widgets</Filter>
    </ClCompile>
    <ClCompile Include="CheckWidget.cpp">
      <Filter>Archivos de origen\UI\Widgets</Filter>
    </ClCompile>
    <ClCompile Include="ColorPickerWidget.cpp">
      <Filter>Archivos de origen\UI\Widgets</Filter>
    </ClCompile>
    <ClCompile Include="ComboBoxWidget.cpp">
      <Filter>Archivos de origen\UI\Widgets</Filter>
    </ClCompile>
    <ClCompile Include="TrackBarWidget.cpp">
      <Filter>Archivos de origen\UI\Widgets</Filter>
    </ClCompile>
  </ItemGroup>
  <ItemGroup>
    <ClInclude Include="..\ImGui\imconfig.h">
      <Filter>Archivos de encabezado\ImGui</Filter>
    </ClInclude>
    <ClInclude Include="..\ImGui\imgui.h">
      <Filter>Archivos de encabezado\ImGui</Filter>
    </ClInclude>
    <ClInclude Include="..\ImGui\imgui_impl_dx9.h">
      <Filter>Archivos de encabezado\ImGui</Filter>
    </ClInclude>
    <ClInclude Include="..\ImGui\imgui_impl_win32.h">
      <Filter>Archivos de encabezado\ImGui</Filter>
    </ClInclude>
    <ClInclude Include="..\ImGui\imgui_internal.h">
      <Filter>Archivos de encabezado\ImGui</Filter>
    </ClInclude>
    <ClInclude Include="..\ImGui\imstb_rectpack.h">
      <Filter>Archivos de encabezado\ImGui</Filter>
    </ClInclude>
    <ClInclude Include="..\ImGui\imstb_textedit.h">
      <Filter>Archivos de encabezado\ImGui</Filter>
    </ClInclude>
    <ClInclude Include="..\ImGui\imstb_truetype.h">
      <Filter>Archivos de encabezado\ImGui</Filter>
    </ClInclude>
    <ClInclude Include="imgui-substance-interface.h">
      <Filter>Archivos de encabezado</Filter>
    </ClInclude>
    <ClInclude Include="pch.h">
      <Filter>Archivos de encabezado</Filter>
    </ClInclude>
    <ClInclude Include="imgui-substance-views.h">
      <Filter>Archivos de encabezado</Filter>
    </ClInclude>
    <ClInclude Include="imgui-substance-aimbot-view.h">
      <Filter>Archivos de encabezado</Filter>
    </ClInclude>
    <ClInclude Include="HeaderBar.h">
      <Filter>Archivos de encabezado\UI\Widgets</Filter>
    </ClInclude>
    <ClInclude Include="FunctionWidget.h">
      <Filter>Archivos de encabezado\UI\Widgets</Filter>
    </ClInclude>
    <ClInclude Include="CheckWidget.h">
      <Filter>Archivos de encabezado\UI\Widgets</Filter>
    </ClInclude>
    <ClInclude Include="ColorPickerWidget.h">
      <Filter>Archivos de encabezado\UI\Widgets</Filter>
    </ClInclude>
    <ClInclude Include="ComboBoxWidget.h">
      <Filter>Archivos de encabezado\UI\Widgets</Filter>
    </ClInclude>
    <ClInclude Include="TrackBarWidget.h">
      <Filter>Archivos de encabezado\UI\Widgets</Filter>
    </ClInclude>
  </ItemGroup>
</Project>